// !$*UTF8*$!
{
	archiveVersion = 1;
	classes = {
	};
	objectVersion = 55;
	objects = {

/* Begin PBXBuildFile section */
		0BD52A6428C42340003CE671 /* AppDelegate.swift in Sources */ = {isa = PBXBuildFile; fileRef = 0BD52A6328C42340003CE671 /* AppDelegate.swift */; };
		0BD52A6628C42340003CE671 /* SceneDelegate.swift in Sources */ = {isa = PBXBuildFile; fileRef = 0BD52A6528C42340003CE671 /* SceneDelegate.swift */; };
		0BD52A6828C42340003CE671 /* ViewController.swift in Sources */ = {isa = PBXBuildFile; fileRef = 0BD52A6728C42340003CE671 /* ViewController.swift */; };
		0BD52A6B28C42340003CE671 /* Main.storyboard in Resources */ = {isa = PBXBuildFile; fileRef = 0BD52A6928C42340003CE671 /* Main.storyboard */; };
		0BD52A6D28C42341003CE671 /* Assets.xcassets in Resources */ = {isa = PBXBuildFile; fileRef = 0BD52A6C28C42341003CE671 /* Assets.xcassets */; };
		0BD52A7028C42341003CE671 /* LaunchScreen.storyboard in Resources */ = {isa = PBXBuildFile; fileRef = 0BD52A6E28C42341003CE671 /* LaunchScreen.storyboard */; };
		0BD52A7B28C42341003CE671 /* CocoaPodsAppTests.swift in Sources */ = {isa = PBXBuildFile; fileRef = 0BD52A7A28C42341003CE671 /* CocoaPodsAppTests.swift */; };
		0BD52A8528C42341003CE671 /* CocoaPodsAppUITests.swift in Sources */ = {isa = PBXBuildFile; fileRef = 0BD52A8428C42341003CE671 /* CocoaPodsAppUITests.swift */; };
		0BD52A8728C42341003CE671 /* CocoaPodsAppUITestsLaunchTests.swift in Sources */ = {isa = PBXBuildFile; fileRef = 0BD52A8628C42341003CE671 /* CocoaPodsAppUITestsLaunchTests.swift */; };
		D82C0E31F0D5D190CF35A679 /* Pods_CocoaPodsApp.framework in Frameworks */ = {isa = PBXBuildFile; fileRef = 76E8FB78E5C942E3DB0823A4 /* Pods_CocoaPodsApp.framework */; };
		EAD53437ADF0465EE1212B9D /* Pods_CocoaPodsAppUITests.framework in Frameworks */ = {isa = PBXBuildFile; fileRef = B33E148DE1742A1E0129E858 /* Pods_CocoaPodsAppUITests.framework */; };
		EC5D15E2C491630CDC81AFE1 /* Pods_CocoaPodsAppTests.framework in Frameworks */ = {isa = PBXBuildFile; fileRef = CEDF1F129AAF38100BAA5970 /* Pods_CocoaPodsAppTests.framework */; };
/* End PBXBuildFile section */

/* Begin PBXContainerItemProxy section */
		0BD52A7728C42341003CE671 /* PBXContainerItemProxy */ = {
			isa = PBXContainerItemProxy;
			containerPortal = 0BD52A5828C42340003CE671 /* Project object */;
			proxyType = 1;
			remoteGlobalIDString = 0BD52A5F28C42340003CE671;
			remoteInfo = CocoaPodsApp;
		};
		0BD52A8128C42341003CE671 /* PBXContainerItemProxy */ = {
			isa = PBXContainerItemProxy;
			containerPortal = 0BD52A5828C42340003CE671 /* Project object */;
			proxyType = 1;
			remoteGlobalIDString = 0BD52A5F28C42340003CE671;
			remoteInfo = CocoaPodsApp;
		};
/* End PBXContainerItemProxy section */

/* Begin PBXFileReference section */
		0BD52A6028C42340003CE671 /* CocoaPodsApp.app */ = {isa = PBXFileReference; explicitFileType = wrapper.application; includeInIndex = 0; path = CocoaPodsApp.app; sourceTree = BUILT_PRODUCTS_DIR; };
		0BD52A6328C42340003CE671 /* AppDelegate.swift */ = {isa = PBXFileReference; lastKnownFileType = sourcecode.swift; path = AppDelegate.swift; sourceTree = "<group>"; };
		0BD52A6528C42340003CE671 /* SceneDelegate.swift */ = {isa = PBXFileReference; lastKnownFileType = sourcecode.swift; path = SceneDelegate.swift; sourceTree = "<group>"; };
		0BD52A6728C42340003CE671 /* ViewController.swift */ = {isa = PBXFileReference; lastKnownFileType = sourcecode.swift; path = ViewController.swift; sourceTree = "<group>"; };
		0BD52A6A28C42340003CE671 /* Base */ = {isa = PBXFileReference; lastKnownFileType = file.storyboard; name = Base; path = Base.lproj/Main.storyboard; sourceTree = "<group>"; };
		0BD52A6C28C42341003CE671 /* Assets.xcassets */ = {isa = PBXFileReference; lastKnownFileType = folder.assetcatalog; path = Assets.xcassets; sourceTree = "<group>"; };
		0BD52A6F28C42341003CE671 /* Base */ = {isa = PBXFileReference; lastKnownFileType = file.storyboard; name = Base; path = Base.lproj/LaunchScreen.storyboard; sourceTree = "<group>"; };
		0BD52A7128C42341003CE671 /* Info.plist */ = {isa = PBXFileReference; lastKnownFileType = text.plist.xml; path = Info.plist; sourceTree = "<group>"; };
		0BD52A7628C42341003CE671 /* CocoaPodsAppTests.xctest */ = {isa = PBXFileReference; explicitFileType = wrapper.cfbundle; includeInIndex = 0; path = CocoaPodsAppTests.xctest; sourceTree = BUILT_PRODUCTS_DIR; };
		0BD52A7A28C42341003CE671 /* CocoaPodsAppTests.swift */ = {isa = PBXFileReference; lastKnownFileType = sourcecode.swift; path = CocoaPodsAppTests.swift; sourceTree = "<group>"; };
		0BD52A8028C42341003CE671 /* CocoaPodsAppUITests.xctest */ = {isa = PBXFileReference; explicitFileType = wrapper.cfbundle; includeInIndex = 0; path = CocoaPodsAppUITests.xctest; sourceTree = BUILT_PRODUCTS_DIR; };
		0BD52A8428C42341003CE671 /* CocoaPodsAppUITests.swift */ = {isa = PBXFileReference; lastKnownFileType = sourcecode.swift; path = CocoaPodsAppUITests.swift; sourceTree = "<group>"; };
		0BD52A8628C42341003CE671 /* CocoaPodsAppUITestsLaunchTests.swift */ = {isa = PBXFileReference; lastKnownFileType = sourcecode.swift; path = CocoaPodsAppUITestsLaunchTests.swift; sourceTree = "<group>"; };
		0E2CA372586938B9407F921E /* Pods-CocoaPodsApp.debug.xcconfig */ = {isa = PBXFileReference; includeInIndex = 1; lastKnownFileType = text.xcconfig; name = "Pods-CocoaPodsApp.debug.xcconfig"; path = "Target Support Files/Pods-CocoaPodsApp/Pods-CocoaPodsApp.debug.xcconfig"; sourceTree = "<group>"; };
		48ADA2314AE099443D0DDF1C /* Pods-CocoaPodsAppTests.release.xcconfig */ = {isa = PBXFileReference; includeInIndex = 1; lastKnownFileType = text.xcconfig; name = "Pods-CocoaPodsAppTests.release.xcconfig"; path = "Target Support Files/Pods-CocoaPodsAppTests/Pods-CocoaPodsAppTests.release.xcconfig"; sourceTree = "<group>"; };
		76E8FB78E5C942E3DB0823A4 /* Pods_CocoaPodsApp.framework */ = {isa = PBXFileReference; explicitFileType = wrapper.framework; includeInIndex = 0; path = Pods_CocoaPodsApp.framework; sourceTree = BUILT_PRODUCTS_DIR; };
		90A785839155D48B522AD6B6 /* Pods-CocoaPodsApp.release.xcconfig */ = {isa = PBXFileReference; includeInIndex = 1; lastKnownFileType = text.xcconfig; name = "Pods-CocoaPodsApp.release.xcconfig"; path = "Target Support Files/Pods-CocoaPodsApp/Pods-CocoaPodsApp.release.xcconfig"; sourceTree = "<group>"; };
		9410092199EE165BA588A447 /* Pods-CocoaPodsAppTests.debug.xcconfig */ = {isa = PBXFileReference; includeInIndex = 1; lastKnownFileType = text.xcconfig; name = "Pods-CocoaPodsAppTests.debug.xcconfig"; path = "Target Support Files/Pods-CocoaPodsAppTests/Pods-CocoaPodsAppTests.debug.xcconfig"; sourceTree = "<group>"; };
		B33E148DE1742A1E0129E858 /* Pods_CocoaPodsAppUITests.framework */ = {isa = PBXFileReference; explicitFileType = wrapper.framework; includeInIndex = 0; path = Pods_CocoaPodsAppUITests.framework; sourceTree = BUILT_PRODUCTS_DIR; };
		B5E016C228FB058E31FE75D0 /* Pods-CocoaPodsAppUITests.debug.xcconfig */ = {isa = PBXFileReference; includeInIndex = 1; lastKnownFileType = text.xcconfig; name = "Pods-CocoaPodsAppUITests.debug.xcconfig"; path = "Target Support Files/Pods-CocoaPodsAppUITests/Pods-CocoaPodsAppUITests.debug.xcconfig"; sourceTree = "<group>"; };
		CEDF1F129AAF38100BAA5970 /* Pods_CocoaPodsAppTests.framework */ = {isa = PBXFileReference; explicitFileType = wrapper.framework; includeInIndex = 0; path = Pods_CocoaPodsAppTests.framework; sourceTree = BUILT_PRODUCTS_DIR; };
		E21181681065121BFF4CA79E /* Pods-CocoaPodsAppUITests.release.xcconfig */ = {isa = PBXFileReference; includeInIndex = 1; lastKnownFileType = text.xcconfig; name = "Pods-CocoaPodsAppUITests.release.xcconfig"; path = "Target Support Files/Pods-CocoaPodsAppUITests/Pods-CocoaPodsAppUITests.release.xcconfig"; sourceTree = "<group>"; };
/* End PBXFileReference section */

/* Begin PBXFrameworksBuildPhase section */
		0BD52A5D28C42340003CE671 /* Frameworks */ = {
			isa = PBXFrameworksBuildPhase;
			buildActionMask = 2147483647;
			files = (
				D82C0E31F0D5D190CF35A679 /* Pods_CocoaPodsApp.framework in Frameworks */,
			);
			runOnlyForDeploymentPostprocessing = 0;
		};
		0BD52A7328C42341003CE671 /* Frameworks */ = {
			isa = PBXFrameworksBuildPhase;
			buildActionMask = 2147483647;
			files = (
				EC5D15E2C491630CDC81AFE1 /* Pods_CocoaPodsAppTests.framework in Frameworks */,
			);
			runOnlyForDeploymentPostprocessing = 0;
		};
		0BD52A7D28C42341003CE671 /* Frameworks */ = {
			isa = PBXFrameworksBuildPhase;
			buildActionMask = 2147483647;
			files = (
				EAD53437ADF0465EE1212B9D /* Pods_CocoaPodsAppUITests.framework in Frameworks */,
			);
			runOnlyForDeploymentPostprocessing = 0;
		};
/* End PBXFrameworksBuildPhase section */

/* Begin PBXGroup section */
		0BD52A5728C42340003CE671 = {
			isa = PBXGroup;
			children = (
				0BD52A6228C42340003CE671 /* CocoaPodsApp */,
				0BD52A7928C42341003CE671 /* CocoaPodsAppTests */,
				0BD52A8328C42341003CE671 /* CocoaPodsAppUITests */,
				0BD52A6128C42340003CE671 /* Products */,
				5AB154027B5C771EC686BD32 /* Pods */,
				59C0024675EBE02A5FB0A835 /* Frameworks */,
			);
			sourceTree = "<group>";
		};
		0BD52A6128C42340003CE671 /* Products */ = {
			isa = PBXGroup;
			children = (
				0BD52A6028C42340003CE671 /* CocoaPodsApp.app */,
				0BD52A7628C42341003CE671 /* CocoaPodsAppTests.xctest */,
				0BD52A8028C42341003CE671 /* CocoaPodsAppUITests.xctest */,
			);
			name = Products;
			sourceTree = "<group>";
		};
		0BD52A6228C42340003CE671 /* CocoaPodsApp */ = {
			isa = PBXGroup;
			children = (
				0BD52A6328C42340003CE671 /* AppDelegate.swift */,
				0BD52A6528C42340003CE671 /* SceneDelegate.swift */,
				0BD52A6728C42340003CE671 /* ViewController.swift */,
				0BD52A6928C42340003CE671 /* Main.storyboard */,
				0BD52A6C28C42341003CE671 /* Assets.xcassets */,
				0BD52A6E28C42341003CE671 /* LaunchScreen.storyboard */,
				0BD52A7128C42341003CE671 /* Info.plist */,
			);
			path = CocoaPodsApp;
			sourceTree = "<group>";
		};
		0BD52A7928C42341003CE671 /* CocoaPodsAppTests */ = {
			isa = PBXGroup;
			children = (
				0BD52A7A28C42341003CE671 /* CocoaPodsAppTests.swift */,
			);
			path = CocoaPodsAppTests;
			sourceTree = "<group>";
		};
		0BD52A8328C42341003CE671 /* CocoaPodsAppUITests */ = {
			isa = PBXGroup;
			children = (
				0BD52A8428C42341003CE671 /* CocoaPodsAppUITests.swift */,
				0BD52A8628C42341003CE671 /* CocoaPodsAppUITestsLaunchTests.swift */,
			);
			path = CocoaPodsAppUITests;
			sourceTree = "<group>";
		};
		59C0024675EBE02A5FB0A835 /* Frameworks */ = {
			isa = PBXGroup;
			children = (
				76E8FB78E5C942E3DB0823A4 /* Pods_CocoaPodsApp.framework */,
				CEDF1F129AAF38100BAA5970 /* Pods_CocoaPodsAppTests.framework */,
				B33E148DE1742A1E0129E858 /* Pods_CocoaPodsAppUITests.framework */,
			);
			name = Frameworks;
			sourceTree = "<group>";
		};
		5AB154027B5C771EC686BD32 /* Pods */ = {
			isa = PBXGroup;
			children = (
				0E2CA372586938B9407F921E /* Pods-CocoaPodsApp.debug.xcconfig */,
				90A785839155D48B522AD6B6 /* Pods-CocoaPodsApp.release.xcconfig */,
				9410092199EE165BA588A447 /* Pods-CocoaPodsAppTests.debug.xcconfig */,
				48ADA2314AE099443D0DDF1C /* Pods-CocoaPodsAppTests.release.xcconfig */,
				B5E016C228FB058E31FE75D0 /* Pods-CocoaPodsAppUITests.debug.xcconfig */,
				E21181681065121BFF4CA79E /* Pods-CocoaPodsAppUITests.release.xcconfig */,
			);
			name = Pods;
			path = Pods;
			sourceTree = "<group>";
		};
/* End PBXGroup section */

/* Begin PBXNativeTarget section */
		0BD52A5F28C42340003CE671 /* CocoaPodsApp */ = {
			isa = PBXNativeTarget;
			buildConfigurationList = 0BD52A8A28C42341003CE671 /* Build configuration list for PBXNativeTarget "CocoaPodsApp" */;
			buildPhases = (
				2A2A71B4034E4D84874CC289 /* [CP] Check Pods Manifest.lock */,
				0BD52A5C28C42340003CE671 /* Sources */,
				0BD52A5D28C42340003CE671 /* Frameworks */,
				0BD52A5E28C42340003CE671 /* Resources */,
				298F8EE7A67BC14BDB80653A /* [CP] Embed Pods Frameworks */,
			);
			buildRules = (
			);
			dependencies = (
			);
			name = CocoaPodsApp;
			productName = CocoaPodsApp;
			productReference = 0BD52A6028C42340003CE671 /* CocoaPodsApp.app */;
			productType = "com.apple.product-type.application";
		};
		0BD52A7528C42341003CE671 /* CocoaPodsAppTests */ = {
			isa = PBXNativeTarget;
			buildConfigurationList = 0BD52A8D28C42341003CE671 /* Build configuration list for PBXNativeTarget "CocoaPodsAppTests" */;
			buildPhases = (
				24AB0CE3928AA20640E279B5 /* [CP] Check Pods Manifest.lock */,
				0BD52A7228C42341003CE671 /* Sources */,
				0BD52A7328C42341003CE671 /* Frameworks */,
				0BD52A7428C42341003CE671 /* Resources */,
			);
			buildRules = (
			);
			dependencies = (
				0BD52A7828C42341003CE671 /* PBXTargetDependency */,
			);
			name = CocoaPodsAppTests;
			productName = CocoaPodsAppTests;
			productReference = 0BD52A7628C42341003CE671 /* CocoaPodsAppTests.xctest */;
			productType = "com.apple.product-type.bundle.unit-test";
		};
		0BD52A7F28C42341003CE671 /* CocoaPodsAppUITests */ = {
			isa = PBXNativeTarget;
			buildConfigurationList = 0BD52A9028C42341003CE671 /* Build configuration list for PBXNativeTarget "CocoaPodsAppUITests" */;
			buildPhases = (
				F4597F0BAA8B81F3C7C0F105 /* [CP] Check Pods Manifest.lock */,
				0BD52A7C28C42341003CE671 /* Sources */,
				0BD52A7D28C42341003CE671 /* Frameworks */,
				0BD52A7E28C42341003CE671 /* Resources */,
			);
			buildRules = (
			);
			dependencies = (
				0BD52A8228C42341003CE671 /* PBXTargetDependency */,
			);
			name = CocoaPodsAppUITests;
			productName = CocoaPodsAppUITests;
			productReference = 0BD52A8028C42341003CE671 /* CocoaPodsAppUITests.xctest */;
			productType = "com.apple.product-type.bundle.ui-testing";
		};
/* End PBXNativeTarget section */

/* Begin PBXProject section */
		0BD52A5828C42340003CE671 /* Project object */ = {
			isa = PBXProject;
			attributes = {
				BuildIndependentTargetsInParallel = 1;
				LastSwiftUpdateCheck = 1340;
				LastUpgradeCheck = 1340;
				TargetAttributes = {
					0BD52A5F28C42340003CE671 = {
						CreatedOnToolsVersion = 13.4.1;
					};
					0BD52A7528C42341003CE671 = {
						CreatedOnToolsVersion = 13.4.1;
						TestTargetID = 0BD52A5F28C42340003CE671;
					};
					0BD52A7F28C42341003CE671 = {
						CreatedOnToolsVersion = 13.4.1;
						TestTargetID = 0BD52A5F28C42340003CE671;
					};
				};
			};
			buildConfigurationList = 0BD52A5B28C42340003CE671 /* Build configuration list for PBXProject "CocoaPodsApp" */;
			compatibilityVersion = "Xcode 13.0";
			developmentRegion = en;
			hasScannedForEncodings = 0;
			knownRegions = (
				en,
				Base,
			);
			mainGroup = 0BD52A5728C42340003CE671;
			productRefGroup = 0BD52A6128C42340003CE671 /* Products */;
			projectDirPath = "";
			projectRoot = "";
			targets = (
				0BD52A5F28C42340003CE671 /* CocoaPodsApp */,
				0BD52A7528C42341003CE671 /* CocoaPodsAppTests */,
				0BD52A7F28C42341003CE671 /* CocoaPodsAppUITests */,
			);
		};
/* End PBXProject section */

/* Begin PBXResourcesBuildPhase section */
		0BD52A5E28C42340003CE671 /* Resources */ = {
			isa = PBXResourcesBuildPhase;
			buildActionMask = 2147483647;
			files = (
				0BD52A7028C42341003CE671 /* LaunchScreen.storyboard in Resources */,
				0BD52A6D28C42341003CE671 /* Assets.xcassets in Resources */,
				0BD52A6B28C42340003CE671 /* Main.storyboard in Resources */,
			);
			runOnlyForDeploymentPostprocessing = 0;
		};
		0BD52A7428C42341003CE671 /* Resources */ = {
			isa = PBXResourcesBuildPhase;
			buildActionMask = 2147483647;
			files = (
			);
			runOnlyForDeploymentPostprocessing = 0;
		};
		0BD52A7E28C42341003CE671 /* Resources */ = {
			isa = PBXResourcesBuildPhase;
			buildActionMask = 2147483647;
			files = (
			);
			runOnlyForDeploymentPostprocessing = 0;
		};
/* End PBXResourcesBuildPhase section */

/* Begin PBXShellScriptBuildPhase section */
		24AB0CE3928AA20640E279B5 /* [CP] Check Pods Manifest.lock */ = {
			isa = PBXShellScriptBuildPhase;
			buildActionMask = 2147483647;
			files = (
			);
			inputFileListPaths = (
			);
			inputPaths = (
				"${PODS_PODFILE_DIR_PATH}/Podfile.lock",
				"${PODS_ROOT}/Manifest.lock",
			);
			name = "[CP] Check Pods Manifest.lock";
			outputFileListPaths = (
			);
			outputPaths = (
				"$(DERIVED_FILE_DIR)/Pods-CocoaPodsAppTests-checkManifestLockResult.txt",
			);
			runOnlyForDeploymentPostprocessing = 0;
			shellPath = /bin/sh;
			shellScript = "diff \"${PODS_PODFILE_DIR_PATH}/Podfile.lock\" \"${PODS_ROOT}/Manifest.lock\" > /dev/null\nif [ $? != 0 ] ; then\n    # print error to STDERR\n    echo \"error: The sandbox is not in sync with the Podfile.lock. Run 'pod install' or update your CocoaPods installation.\" >&2\n    exit 1\nfi\n# This output is used by Xcode 'outputs' to avoid re-running this script phase.\necho \"SUCCESS\" > \"${SCRIPT_OUTPUT_FILE_0}\"\n";
			showEnvVarsInLog = 0;
		};
		298F8EE7A67BC14BDB80653A /* [CP] Embed Pods Frameworks */ = {
			isa = PBXShellScriptBuildPhase;
			buildActionMask = 2147483647;
			files = (
			);
			inputFileListPaths = (
				"${PODS_ROOT}/Target Support Files/Pods-CocoaPodsApp/Pods-CocoaPodsApp-frameworks-${CONFIGURATION}-input-files.xcfilelist",
			);
			name = "[CP] Embed Pods Frameworks";
			outputFileListPaths = (
				"${PODS_ROOT}/Target Support Files/Pods-CocoaPodsApp/Pods-CocoaPodsApp-frameworks-${CONFIGURATION}-output-files.xcfilelist",
			);
			runOnlyForDeploymentPostprocessing = 0;
			shellPath = /bin/sh;
			shellScript = "\"${PODS_ROOT}/Target Support Files/Pods-CocoaPodsApp/Pods-CocoaPodsApp-frameworks.sh\"\n";
			showEnvVarsInLog = 0;
		};
		2A2A71B4034E4D84874CC289 /* [CP] Check Pods Manifest.lock */ = {
			isa = PBXShellScriptBuildPhase;
			buildActionMask = 2147483647;
			files = (
			);
			inputFileListPaths = (
			);
			inputPaths = (
				"${PODS_PODFILE_DIR_PATH}/Podfile.lock",
				"${PODS_ROOT}/Manifest.lock",
			);
			name = "[CP] Check Pods Manifest.lock";
			outputFileListPaths = (
			);
			outputPaths = (
				"$(DERIVED_FILE_DIR)/Pods-CocoaPodsApp-checkManifestLockResult.txt",
			);
			runOnlyForDeploymentPostprocessing = 0;
			shellPath = /bin/sh;
			shellScript = "diff \"${PODS_PODFILE_DIR_PATH}/Podfile.lock\" \"${PODS_ROOT}/Manifest.lock\" > /dev/null\nif [ $? != 0 ] ; then\n    # print error to STDERR\n    echo \"error: The sandbox is not in sync with the Podfile.lock. Run 'pod install' or update your CocoaPods installation.\" >&2\n    exit 1\nfi\n# This output is used by Xcode 'outputs' to avoid re-running this script phase.\necho \"SUCCESS\" > \"${SCRIPT_OUTPUT_FILE_0}\"\n";
			showEnvVarsInLog = 0;
		};
		F4597F0BAA8B81F3C7C0F105 /* [CP] Check Pods Manifest.lock */ = {
			isa = PBXShellScriptBuildPhase;
			buildActionMask = 2147483647;
			files = (
			);
			inputFileListPaths = (
			);
			inputPaths = (
				"${PODS_PODFILE_DIR_PATH}/Podfile.lock",
				"${PODS_ROOT}/Manifest.lock",
			);
			name = "[CP] Check Pods Manifest.lock";
			outputFileListPaths = (
			);
			outputPaths = (
				"$(DERIVED_FILE_DIR)/Pods-CocoaPodsAppUITests-checkManifestLockResult.txt",
			);
			runOnlyForDeploymentPostprocessing = 0;
			shellPath = /bin/sh;
			shellScript = "diff \"${PODS_PODFILE_DIR_PATH}/Podfile.lock\" \"${PODS_ROOT}/Manifest.lock\" > /dev/null\nif [ $? != 0 ] ; then\n    # print error to STDERR\n    echo \"error: The sandbox is not in sync with the Podfile.lock. Run 'pod install' or update your CocoaPods installation.\" >&2\n    exit 1\nfi\n# This output is used by Xcode 'outputs' to avoid re-running this script phase.\necho \"SUCCESS\" > \"${SCRIPT_OUTPUT_FILE_0}\"\n";
			showEnvVarsInLog = 0;
		};
/* End PBXShellScriptBuildPhase section */

/* Begin PBXSourcesBuildPhase section */
		0BD52A5C28C42340003CE671 /* Sources */ = {
			isa = PBXSourcesBuildPhase;
			buildActionMask = 2147483647;
			files = (
				0BD52A6828C42340003CE671 /* ViewController.swift in Sources */,
				0BD52A6428C42340003CE671 /* AppDelegate.swift in Sources */,
				0BD52A6628C42340003CE671 /* SceneDelegate.swift in Sources */,
			);
			runOnlyForDeploymentPostprocessing = 0;
		};
		0BD52A7228C42341003CE671 /* Sources */ = {
			isa = PBXSourcesBuildPhase;
			buildActionMask = 2147483647;
			files = (
				0BD52A7B28C42341003CE671 /* CocoaPodsAppTests.swift in Sources */,
			);
			runOnlyForDeploymentPostprocessing = 0;
		};
		0BD52A7C28C42341003CE671 /* Sources */ = {
			isa = PBXSourcesBuildPhase;
			buildActionMask = 2147483647;
			files = (
				0BD52A8728C42341003CE671 /* CocoaPodsAppUITestsLaunchTests.swift in Sources */,
				0BD52A8528C42341003CE671 /* CocoaPodsAppUITests.swift in Sources */,
			);
			runOnlyForDeploymentPostprocessing = 0;
		};
/* End PBXSourcesBuildPhase section */

/* Begin PBXTargetDependency section */
		0BD52A7828C42341003CE671 /* PBXTargetDependency */ = {
			isa = PBXTargetDependency;
			target = 0BD52A5F28C42340003CE671 /* CocoaPodsApp */;
			targetProxy = 0BD52A7728C42341003CE671 /* PBXContainerItemProxy */;
		};
		0BD52A8228C42341003CE671 /* PBXTargetDependency */ = {
			isa = PBXTargetDependency;
			target = 0BD52A5F28C42340003CE671 /* CocoaPodsApp */;
			targetProxy = 0BD52A8128C42341003CE671 /* PBXContainerItemProxy */;
		};
/* End PBXTargetDependency section */

/* Begin PBXVariantGroup section */
		0BD52A6928C42340003CE671 /* Main.storyboard */ = {
			isa = PBXVariantGroup;
			children = (
				0BD52A6A28C42340003CE671 /* Base */,
			);
			name = Main.storyboard;
			sourceTree = "<group>";
		};
		0BD52A6E28C42341003CE671 /* LaunchScreen.storyboard */ = {
			isa = PBXVariantGroup;
			children = (
				0BD52A6F28C42341003CE671 /* Base */,
			);
			name = LaunchScreen.storyboard;
			sourceTree = "<group>";
		};
/* End PBXVariantGroup section */

/* Begin XCBuildConfiguration section */
		0BD52A8828C42341003CE671 /* Debug */ = {
			isa = XCBuildConfiguration;
			buildSettings = {
				ALWAYS_SEARCH_USER_PATHS = NO;
				CLANG_ANALYZER_NONNULL = YES;
				CLANG_ANALYZER_NUMBER_OBJECT_CONVERSION = YES_AGGRESSIVE;
				CLANG_CXX_LANGUAGE_STANDARD = "gnu++17";
				CLANG_ENABLE_MODULES = YES;
				CLANG_ENABLE_OBJC_ARC = YES;
				CLANG_ENABLE_OBJC_WEAK = YES;
				CLANG_WARN_BLOCK_CAPTURE_AUTORELEASING = YES;
				CLANG_WARN_BOOL_CONVERSION = YES;
				CLANG_WARN_COMMA = YES;
				CLANG_WARN_CONSTANT_CONVERSION = YES;
				CLANG_WARN_DEPRECATED_OBJC_IMPLEMENTATIONS = YES;
				CLANG_WARN_DIRECT_OBJC_ISA_USAGE = YES_ERROR;
				CLANG_WARN_DOCUMENTATION_COMMENTS = YES;
				CLANG_WARN_EMPTY_BODY = YES;
				CLANG_WARN_ENUM_CONVERSION = YES;
				CLANG_WARN_INFINITE_RECURSION = YES;
				CLANG_WARN_INT_CONVERSION = YES;
				CLANG_WARN_NON_LITERAL_NULL_CONVERSION = YES;
				CLANG_WARN_OBJC_IMPLICIT_RETAIN_SELF = YES;
				CLANG_WARN_OBJC_LITERAL_CONVERSION = YES;
				CLANG_WARN_OBJC_ROOT_CLASS = YES_ERROR;
				CLANG_WARN_QUOTED_INCLUDE_IN_FRAMEWORK_HEADER = YES;
				CLANG_WARN_RANGE_LOOP_ANALYSIS = YES;
				CLANG_WARN_STRICT_PROTOTYPES = YES;
				CLANG_WARN_SUSPICIOUS_MOVE = YES;
				CLANG_WARN_UNGUARDED_AVAILABILITY = YES_AGGRESSIVE;
				CLANG_WARN_UNREACHABLE_CODE = YES;
				CLANG_WARN__DUPLICATE_METHOD_MATCH = YES;
				COPY_PHASE_STRIP = NO;
				DEBUG_INFORMATION_FORMAT = dwarf;
				ENABLE_STRICT_OBJC_MSGSEND = YES;
				ENABLE_TESTABILITY = YES;
				GCC_C_LANGUAGE_STANDARD = gnu11;
				GCC_DYNAMIC_NO_PIC = NO;
				GCC_NO_COMMON_BLOCKS = YES;
				GCC_OPTIMIZATION_LEVEL = 0;
				GCC_PREPROCESSOR_DEFINITIONS = (
					"DEBUG=1",
					"$(inherited)",
				);
				GCC_WARN_64_TO_32_BIT_CONVERSION = YES;
				GCC_WARN_ABOUT_RETURN_TYPE = YES_ERROR;
				GCC_WARN_UNDECLARED_SELECTOR = YES;
				GCC_WARN_UNINITIALIZED_AUTOS = YES_AGGRESSIVE;
				GCC_WARN_UNUSED_FUNCTION = YES;
				GCC_WARN_UNUSED_VARIABLE = YES;
				IPHONEOS_DEPLOYMENT_TARGET = 15.5;
				MTL_ENABLE_DEBUG_INFO = INCLUDE_SOURCE;
				MTL_FAST_MATH = YES;
				ONLY_ACTIVE_ARCH = YES;
				SDKROOT = iphoneos;
				SWIFT_ACTIVE_COMPILATION_CONDITIONS = DEBUG;
				SWIFT_OPTIMIZATION_LEVEL = "-Onone";
			};
			name = Debug;
		};
		0BD52A8928C42341003CE671 /* Release */ = {
			isa = XCBuildConfiguration;
			buildSettings = {
				ALWAYS_SEARCH_USER_PATHS = NO;
				CLANG_ANALYZER_NONNULL = YES;
				CLANG_ANALYZER_NUMBER_OBJECT_CONVERSION = YES_AGGRESSIVE;
				CLANG_CXX_LANGUAGE_STANDARD = "gnu++17";
				CLANG_ENABLE_MODULES = YES;
				CLANG_ENABLE_OBJC_ARC = YES;
				CLANG_ENABLE_OBJC_WEAK = YES;
				CLANG_WARN_BLOCK_CAPTURE_AUTORELEASING = YES;
				CLANG_WARN_BOOL_CONVERSION = YES;
				CLANG_WARN_COMMA = YES;
				CLANG_WARN_CONSTANT_CONVERSION = YES;
				CLANG_WARN_DEPRECATED_OBJC_IMPLEMENTATIONS = YES;
				CLANG_WARN_DIRECT_OBJC_ISA_USAGE = YES_ERROR;
				CLANG_WARN_DOCUMENTATION_COMMENTS = YES;
				CLANG_WARN_EMPTY_BODY = YES;
				CLANG_WARN_ENUM_CONVERSION = YES;
				CLANG_WARN_INFINITE_RECURSION = YES;
				CLANG_WARN_INT_CONVERSION = YES;
				CLANG_WARN_NON_LITERAL_NULL_CONVERSION = YES;
				CLANG_WARN_OBJC_IMPLICIT_RETAIN_SELF = YES;
				CLANG_WARN_OBJC_LITERAL_CONVERSION = YES;
				CLANG_WARN_OBJC_ROOT_CLASS = YES_ERROR;
				CLANG_WARN_QUOTED_INCLUDE_IN_FRAMEWORK_HEADER = YES;
				CLANG_WARN_RANGE_LOOP_ANALYSIS = YES;
				CLANG_WARN_STRICT_PROTOTYPES = YES;
				CLANG_WARN_SUSPICIOUS_MOVE = YES;
				CLANG_WARN_UNGUARDED_AVAILABILITY = YES_AGGRESSIVE;
				CLANG_WARN_UNREACHABLE_CODE = YES;
				CLANG_WARN__DUPLICATE_METHOD_MATCH = YES;
				COPY_PHASE_STRIP = NO;
				DEBUG_INFORMATION_FORMAT = "dwarf-with-dsym";
				ENABLE_NS_ASSERTIONS = NO;
				ENABLE_STRICT_OBJC_MSGSEND = YES;
				GCC_C_LANGUAGE_STANDARD = gnu11;
				GCC_NO_COMMON_BLOCKS = YES;
				GCC_WARN_64_TO_32_BIT_CONVERSION = YES;
				GCC_WARN_ABOUT_RETURN_TYPE = YES_ERROR;
				GCC_WARN_UNDECLARED_SELECTOR = YES;
				GCC_WARN_UNINITIALIZED_AUTOS = YES_AGGRESSIVE;
				GCC_WARN_UNUSED_FUNCTION = YES;
				GCC_WARN_UNUSED_VARIABLE = YES;
				IPHONEOS_DEPLOYMENT_TARGET = 15.5;
				MTL_ENABLE_DEBUG_INFO = NO;
				MTL_FAST_MATH = YES;
				SDKROOT = iphoneos;
				SWIFT_COMPILATION_MODE = wholemodule;
				SWIFT_OPTIMIZATION_LEVEL = "-O";
				VALIDATE_PRODUCT = YES;
			};
			name = Release;
		};
		0BD52A8B28C42341003CE671 /* Debug */ = {
			isa = XCBuildConfiguration;
			baseConfigurationReference = 0E2CA372586938B9407F921E /* Pods-CocoaPodsApp.debug.xcconfig */;
			buildSettings = {
				ASSETCATALOG_COMPILER_APPICON_NAME = AppIcon;
				ASSETCATALOG_COMPILER_GLOBAL_ACCENT_COLOR_NAME = AccentColor;
				CODE_SIGN_STYLE = Automatic;
				CURRENT_PROJECT_VERSION = 1;
				GENERATE_INFOPLIST_FILE = YES;
				INFOPLIST_FILE = CocoaPodsApp/Info.plist;
				INFOPLIST_KEY_UIApplicationSupportsIndirectInputEvents = YES;
				INFOPLIST_KEY_UILaunchStoryboardName = LaunchScreen;
				INFOPLIST_KEY_UIMainStoryboardFile = Main;
				INFOPLIST_KEY_UISupportedInterfaceOrientations_iPad = "UIInterfaceOrientationPortrait UIInterfaceOrientationPortraitUpsideDown UIInterfaceOrientationLandscapeLeft UIInterfaceOrientationLandscapeRight";
				INFOPLIST_KEY_UISupportedInterfaceOrientations_iPhone = "UIInterfaceOrientationPortrait UIInterfaceOrientationLandscapeLeft UIInterfaceOrientationLandscapeRight";
				LD_RUNPATH_SEARCH_PATHS = (
					"$(inherited)",
					"@executable_path/Frameworks",
				);
				MARKETING_VERSION = 1.0;
				PRODUCT_BUNDLE_IDENTIFIER = com.litech.CocoaPodsApp;
				PRODUCT_NAME = "$(TARGET_NAME)";
				SWIFT_EMIT_LOC_STRINGS = YES;
				SWIFT_VERSION = 5.0;
				TARGETED_DEVICE_FAMILY = "1,2";
			};
			name = Debug;
		};
		0BD52A8C28C42341003CE671 /* Release */ = {
			isa = XCBuildConfiguration;
			baseConfigurationReference = 90A785839155D48B522AD6B6 /* Pods-CocoaPodsApp.release.xcconfig */;
			buildSettings = {
				ASSETCATALOG_COMPILER_APPICON_NAME = AppIcon;
				ASSETCATALOG_COMPILER_GLOBAL_ACCENT_COLOR_NAME = AccentColor;
				CODE_SIGN_STYLE = Automatic;
				CURRENT_PROJECT_VERSION = 1;
				GENERATE_INFOPLIST_FILE = YES;
				INFOPLIST_FILE = CocoaPodsApp/Info.plist;
				INFOPLIST_KEY_UIApplicationSupportsIndirectInputEvents = YES;
				INFOPLIST_KEY_UILaunchStoryboardName = LaunchScreen;
				INFOPLIST_KEY_UIMainStoryboardFile = Main;
				INFOPLIST_KEY_UISupportedInterfaceOrientations_iPad = "UIInterfaceOrientationPortrait UIInterfaceOrientationPortraitUpsideDown UIInterfaceOrientationLandscapeLeft UIInterfaceOrientationLandscapeRight";
				INFOPLIST_KEY_UISupportedInterfaceOrientations_iPhone = "UIInterfaceOrientationPortrait UIInterfaceOrientationLandscapeLeft UIInterfaceOrientationLandscapeRight";
				LD_RUNPATH_SEARCH_PATHS = (
					"$(inherited)",
					"@executable_path/Frameworks",
				);
				MARKETING_VERSION = 1.0;
				PRODUCT_BUNDLE_IDENTIFIER = com.litech.CocoaPodsApp;
				PRODUCT_NAME = "$(TARGET_NAME)";
				SWIFT_EMIT_LOC_STRINGS = YES;
				SWIFT_VERSION = 5.0;
				TARGETED_DEVICE_FAMILY = "1,2";
			};
			name = Release;
		};
		0BD52A8E28C42341003CE671 /* Debug */ = {
			isa = XCBuildConfiguration;
			baseConfigurationReference = 9410092199EE165BA588A447 /* Pods-CocoaPodsAppTests.debug.xcconfig */;
			buildSettings = {
				ALWAYS_EMBED_SWIFT_STANDARD_LIBRARIES = YES;
				BUNDLE_LOADER = "$(TEST_HOST)";
				CODE_SIGN_STYLE = Automatic;
				CURRENT_PROJECT_VERSION = 1;
				GENERATE_INFOPLIST_FILE = YES;
				IPHONEOS_DEPLOYMENT_TARGET = 15.5;
				MARKETING_VERSION = 1.0;
				PRODUCT_BUNDLE_IDENTIFIER = com.litech.CocoaPodsAppTests;
				PRODUCT_NAME = "$(TARGET_NAME)";
				SWIFT_EMIT_LOC_STRINGS = NO;
				SWIFT_VERSION = 5.0;
				TARGETED_DEVICE_FAMILY = "1,2";
				TEST_HOST = "$(BUILT_PRODUCTS_DIR)/CocoaPodsApp.app/CocoaPodsApp";
			};
			name = Debug;
		};
		0BD52A8F28C42341003CE671 /* Release */ = {
			isa = XCBuildConfiguration;
			baseConfigurationReference = 48ADA2314AE099443D0DDF1C /* Pods-CocoaPodsAppTests.release.xcconfig */;
			buildSettings = {
				ALWAYS_EMBED_SWIFT_STANDARD_LIBRARIES = YES;
				BUNDLE_LOADER = "$(TEST_HOST)";
				CODE_SIGN_STYLE = Automatic;
				CURRENT_PROJECT_VERSION = 1;
				GENERATE_INFOPLIST_FILE = YES;
				IPHONEOS_DEPLOYMENT_TARGET = 15.5;
				MARKETING_VERSION = 1.0;
				PRODUCT_BUNDLE_IDENTIFIER = com.litech.CocoaPodsAppTests;
				PRODUCT_NAME = "$(TARGET_NAME)";
				SWIFT_EMIT_LOC_STRINGS = NO;
				SWIFT_VERSION = 5.0;
				TARGETED_DEVICE_FAMILY = "1,2";
				TEST_HOST = "$(BUILT_PRODUCTS_DIR)/CocoaPodsApp.app/CocoaPodsApp";
			};
			name = Release;
		};
		0BD52A9128C42341003CE671 /* Debug */ = {
			isa = XCBuildConfiguration;
			baseConfigurationReference = B5E016C228FB058E31FE75D0 /* Pods-CocoaPodsAppUITests.debug.xcconfig */;
			buildSettings = {
				ALWAYS_EMBED_SWIFT_STANDARD_LIBRARIES = YES;
				CODE_SIGN_STYLE = Automatic;
				CURRENT_PROJECT_VERSION = 1;
				GENERATE_INFOPLIST_FILE = YES;
				MARKETING_VERSION = 1.0;
				PRODUCT_BUNDLE_IDENTIFIER = com.litech.CocoaPodsAppUITests;
				PRODUCT_NAME = "$(TARGET_NAME)";
				SWIFT_EMIT_LOC_STRINGS = NO;
				SWIFT_VERSION = 5.0;
				TARGETED_DEVICE_FAMILY = "1,2";
				TEST_TARGET_NAME = CocoaPodsApp;
			};
			name = Debug;
		};
		0BD52A9228C42341003CE671 /* Release */ = {
			isa = XCBuildConfiguration;
			baseConfigurationReference = E21181681065121BFF4CA79E /* Pods-CocoaPodsAppUITests.release.xcconfig */;
			buildSettings = {
				ALWAYS_EMBED_SWIFT_STANDARD_LIBRARIES = YES;
				CODE_SIGN_STYLE = Automatic;
				CURRENT_PROJECT_VERSION = 1;
				GENERATE_INFOPLIST_FILE = YES;
				MARKETING_VERSION = 1.0;
				PRODUCT_BUNDLE_IDENTIFIER = com.litech.CocoaPodsAppUITests;
				PRODUCT_NAME = "$(TARGET_NAME)";
				SWIFT_EMIT_LOC_STRINGS = NO;
				SWIFT_VERSION = 5.0;
				TARGETED_DEVICE_FAMILY = "1,2";
				TEST_TARGET_NAME = CocoaPodsApp;
			};
			name = Release;
		};
/* End XCBuildConfiguration section */

/* Begin XCConfigurationList section */
		0BD52A5B28C42340003CE671 /* Build configuration list for PBXProject "CocoaPodsApp" */ = {
			isa = XCConfigurationList;
			buildConfigurations = (
				0BD52A8828C42341003CE671 /* Debug */,
				0BD52A8928C42341003CE671 /* Release */,
			);
			defaultConfigurationIsVisible = 0;
			defaultConfigurationName = Release;
		};
		0BD52A8A28C42341003CE671 /* Build configuration list for PBXNativeTarget "CocoaPodsApp" */ = {
			isa = XCConfigurationList;
			buildConfigurations = (
				0BD52A8B28C42341003CE671 /* Debug */,
				0BD52A8C28C42341003CE671 /* Release */,
			);
			defaultConfigurationIsVisible = 0;
			defaultConfigurationName = Release;
		};
		0BD52A8D28C42341003CE671 /* Build configuration list for PBXNativeTarget "CocoaPodsAppTests" */ = {
			isa = XCConfigurationList;
			buildConfigurations = (
				0BD52A8E28C42341003CE671 /* Debug */,
				0BD52A8F28C42341003CE671 /* Release */,
			);
			defaultConfigurationIsVisible = 0;
			defaultConfigurationName = Release;
		};
		0BD52A9028C42341003CE671 /* Build configuration list for PBXNativeTarget "CocoaPodsAppUITests" */ = {
			isa = XCConfigurationList;
			buildConfigurations = (
				0BD52A9128C42341003CE671 /* Debug */,
				0BD52A9228C42341003CE671 /* Release */,
			);
			defaultConfigurationIsVisible = 0;
			defaultConfigurationName = Release;
		};
/* End XCConfigurationList section */
	};
	rootObject = 0BD52A5828C42340003CE671 /* Project object */;
}
